
Microsoft Visual Studio Solution File, Format Version 12.00
# Visual Studio 15
VisualStudioVersion = 15.0.26403.7
MinimumVisualStudioVersion = 10.0.40219.1
Project("{FAE04EC0-301F-11D3-BF4B-00C04F79EFBC}") = "GBAHL", "GBAHL\GBAHL.csproj", "{04654D99-9A73-4A12-A3C9-19AF6779330B}"
EndProject
Project("{FAE04EC0-301F-11D3-BF4B-00C04F79EFBC}") = "GBAHL.TestConsole", "GBAHL.TestConsole\GBAHL.TestConsole.csproj", "{3A1E9A6E-9296-4323-9BD1-26462201D59E}"
EndProject
Project("{FAE04EC0-301F-11D3-BF4B-00C04F79EFBC}") = "GBAHL.Drawing", "GBAHL.Drawing\GBAHL.Drawing.csproj", "{AB53F5FF-0412-44F3-87AF-187A2BFB5012}"
EndProject
Project("{FAE04EC0-301F-11D3-BF4B-00C04F79EFBC}") = "GBAHL.Drawing.OpenGL", "GBAHL.Drawing.OpenGL\GBAHL.Drawing.OpenGL.csproj", "{C3FEA2D9-02AB-45FC-83D4-E7A96EA5C6BE}"
EndProject
Project("{FAE04EC0-301F-11D3-BF4B-00C04F79EFBC}") = "GBAHL.Tests", "GBAHL.Tests\GBAHL.Tests.csproj", "{924CC7AE-855D-457E-B93D-5B7B61F08639}"
EndProject
Global
	GlobalSection(SolutionConfigurationPlatforms) = preSolution
		Debug|Any CPU = Debug|Any CPU
		Debug|x64 = Debug|x64
		Debug|x86 = Debug|x86
		Release|Any CPU = Release|Any CPU
		Release|x64 = Release|x64
		Release|x86 = Release|x86
	EndGlobalSection
	GlobalSection(ProjectConfigurationPlatforms) = postSolution
		{04654D99-9A73-4A12-A3C9-19AF6779330B}.Debug|Any CPU.ActiveCfg = Debug|Any CPU
		{04654D99-9A73-4A12-A3C9-19AF6779330B}.Debug|Any CPU.Build.0 = Debug|Any CPU
		{04654D99-9A73-4A12-A3C9-19AF6779330B}.Debug|x64.ActiveCfg = Debug|Any CPU
		{04654D99-9A73-4A12-A3C9-19AF6779330B}.Debug|x64.Build.0 = Debug|Any CPU
		{04654D99-9A73-4A12-A3C9-19AF6779330B}.Debug|x86.ActiveCfg = Debug|Any CPU
		{04654D99-9A73-4A12-A3C9-19AF6779330B}.Debug|x86.Build.0 = Debug|Any CPU
		{04654D99-9A73-4A12-A3C9-19AF6779330B}.Release|Any CPU.ActiveCfg = Release|Any CPU
		{04654D99-9A73-4A12-A3C9-19AF6779330B}.Release|Any CPU.Build.0 = Release|Any CPU
		{04654D99-9A73-4A12-A3C9-19AF6779330B}.Release|x64.ActiveCfg = Release|Any CPU
		{04654D99-9A73-4A12-A3C9-19AF6779330B}.Release|x64.Build.0 = Release|Any CPU
		{04654D99-9A73-4A12-A3C9-19AF6779330B}.Release|x86.ActiveCfg = Release|Any CPU
		{04654D99-9A73-4A12-A3C9-19AF6779330B}.Release|x86.Build.0 = Release|Any CPU
		{3A1E9A6E-9296-4323-9BD1-26462201D59E}.Debug|Any CPU.ActiveCfg = Debug|Any CPU
		{3A1E9A6E-9296-4323-9BD1-26462201D59E}.Debug|Any CPU.Build.0 = Debug|Any CPU
		{3A1E9A6E-9296-4323-9BD1-26462201D59E}.Debug|x64.ActiveCfg = Debug|Any CPU
		{3A1E9A6E-9296-4323-9BD1-26462201D59E}.Debug|x64.Build.0 = Debug|Any CPU
		{3A1E9A6E-9296-4323-9BD1-26462201D59E}.Debug|x86.ActiveCfg = Debug|Any CPU
		{3A1E9A6E-9296-4323-9BD1-26462201D59E}.Debug|x86.Build.0 = Debug|Any CPU
		{3A1E9A6E-9296-4323-9BD1-26462201D59E}.Release|Any CPU.ActiveCfg = Release|Any CPU
		{3A1E9A6E-9296-4323-9BD1-26462201D59E}.Release|Any CPU.Build.0 = Release|Any CPU
		{3A1E9A6E-9296-4323-9BD1-26462201D59E}.Release|x64.ActiveCfg = Release|Any CPU
		{3A1E9A6E-9296-4323-9BD1-26462201D59E}.Release|x64.Build.0 = Release|Any CPU
		{3A1E9A6E-9296-4323-9BD1-26462201D59E}.Release|x86.ActiveCfg = Release|Any CPU
		{3A1E9A6E-9296-4323-9BD1-26462201D59E}.Release|x86.Build.0 = Release|Any CPU
		{AB53F5FF-0412-44F3-87AF-187A2BFB5012}.Debug|Any CPU.ActiveCfg = Debug|Any CPU
		{AB53F5FF-0412-44F3-87AF-187A2BFB5012}.Debug|Any CPU.Build.0 = Debug|Any CPU
		{AB53F5FF-0412-44F3-87AF-187A2BFB5012}.Debug|x64.ActiveCfg = Debug|Any CPU
		{AB53F5FF-0412-44F3-87AF-187A2BFB5012}.Debug|x64.Build.0 = Debug|Any CPU
		{AB53F5FF-0412-44F3-87AF-187A2BFB5012}.Debug|x86.ActiveCfg = Debug|Any CPU
		{AB53F5FF-0412-44F3-87AF-187A2BFB5012}.Debug|x86.Build.0 = Debug|Any CPU
		{AB53F5FF-0412-44F3-87AF-187A2BFB5012}.Release|Any CPU.ActiveCfg = Release|Any CPU
		{AB53F5FF-0412-44F3-87AF-187A2BFB5012}.Release|Any CPU.Build.0 = Release|Any CPU
		{AB53F5FF-0412-44F3-87AF-187A2BFB5012}.Release|x64.ActiveCfg = Release|Any CPU
		{AB53F5FF-0412-44F3-87AF-187A2BFB5012}.Release|x64.Build.0 = Release|Any CPU
		{AB53F5FF-0412-44F3-87AF-187A2BFB5012}.Release|x86.ActiveCfg = Release|Any CPU
		{AB53F5FF-0412-44F3-87AF-187A2BFB5012}.Release|x86.Build.0 = Release|Any CPU
		{C3FEA2D9-02AB-45FC-83D4-E7A96EA5C6BE}.Debug|Any CPU.ActiveCfg = Debug|Any CPU
		{C3FEA2D9-02AB-45FC-83D4-E7A96EA5C6BE}.Debug|Any CPU.Build.0 = Debug|Any CPU
		{C3FEA2D9-02AB-45FC-83D4-E7A96EA5C6BE}.Debug|x64.ActiveCfg = Debug|Any CPU
		{C3FEA2D9-02AB-45FC-83D4-E7A96EA5C6BE}.Debug|x64.Build.0 = Debug|Any CPU
		{C3FEA2D9-02AB-45FC-83D4-E7A96EA5C6BE}.Debug|x86.ActiveCfg = Debug|Any CPU
		{C3FEA2D9-02AB-45FC-83D4-E7A96EA5C6BE}.Debug|x86.Build.0 = Debug|Any CPU
		{C3FEA2D9-02AB-45FC-83D4-E7A96EA5C6BE}.Release|Any CPU.ActiveCfg = Release|Any CPU
		{C3FEA2D9-02AB-45FC-83D4-E7A96EA5C6BE}.Release|Any CPU.Build.0 = Release|Any CPU
		{C3FEA2D9-02AB-45FC-83D4-E7A96EA5C6BE}.Release|x64.ActiveCfg = Release|Any CPU
		{C3FEA2D9-02AB-45FC-83D4-E7A96EA5C6BE}.Release|x64.Build.0 = Release|Any CPU
		{C3FEA2D9-02AB-45FC-83D4-E7A96EA5C6BE}.Release|x86.ActiveCfg = Release|Any CPU
		{C3FEA2D9-02AB-45FC-83D4-E7A96EA5C6BE}.Release|x86.Build.0 = Release|Any CPU
		{924CC7AE-855D-457E-B93D-5B7B61F08639}.Debug|Any CPU.ActiveCfg = Debug|Any CPU
		{924CC7AE-855D-457E-B93D-5B7B61F08639}.Debug|Any CPU.Build.0 = Debug|Any CPU
		{924CC7AE-855D-457E-B93D-5B7B61F08639}.Debug|x64.ActiveCfg = Debug|Any CPU
		{924CC7AE-855D-457E-B93D-5B7B61F08639}.Debug|x64.Build.0 = Debug|Any CPU
		{924CC7AE-855D-457E-B93D-5B7B61F08639}.Debug|x86.ActiveCfg = Debug|Any CPU
		{924CC7AE-855D-457E-B93D-5B7B61F08639}.Debug|x86.Build.0 = Debug|Any CPU
		{924CC7AE-855D-457E-B93D-5B7B61F08639}.Release|Any CPU.ActiveCfg = Release|Any CPU
		{924CC7AE-855D-457E-B93D-5B7B61F08639}.Release|Any CPU.Build.0 = Release|Any CPU
		{924CC7AE-855D-457E-B93D-5B7B61F08639}.Release|x64.ActiveCfg = Release|Any CPU
		{924CC7AE-855D-457E-B93D-5B7B61F08639}.Release|x64.Build.0 = Release|Any CPU
		{924CC7AE-855D-457E-B93D-5B7B61F08639}.Release|x86.ActiveCfg = Release|Any CPU
		{924CC7AE-855D-457E-B93D-5B7B61F08639}.Release|x86.Build.0 = Release|Any CPU
	EndGlobalSection
	GlobalSection(SolutionProperties) = preSolution
		HideSolutionNode = FALSE
	EndGlobalSection
	GlobalSection(ExtensibilityGlobals) = postSolution
		SolutionGuid = {18589597-B6B6-43D6-8824-CD227C6EBAE5}
	EndGlobalSection
EndGlobal
